<?xml version="1.0" encoding="utf-8"?>
<Project ToolsVersion="4.0" xmlns="http://schemas.microsoft.com/developer/msbuild/2003">
  <ItemGroup>
    <Filter Include="Header Files">
      <UniqueIdentifier>{9c498e0a-267b-48d0-a72c-2e867d9277bc}</UniqueIdentifier>
    </Filter>
    <Filter Include="Source Files">
      <UniqueIdentifier>{0e2f9d1d-d84a-416e-b2ff-eadd176b4769}</UniqueIdentifier>
    </Filter>
    <Filter Include="Header Files\Host">
      <UniqueIdentifier>{2ce6f23b-692b-4055-9551-89048b1a439a}</UniqueIdentifier>
    </Filter>
    <Filter Include="Source Files\Host">
      <UniqueIdentifier>{2fc093cd-7a45-447e-831b-e347083f4587}</UniqueIdentifier>
    </Filter>
    <Filter Include="Header Files\Cuda">
      <UniqueIdentifier>{aa90a098-effd-43b7-8378-99035c36c5fa}</UniqueIdentifier>
    </Filter>
    <Filter Include="Source Files\Cuda">
      <UniqueIdentifier>{a944ce1e-bd2e-4352-8d78-a131fdedc391}</UniqueIdentifier>
    </Filter>
    <Filter Include="Header Files\Host\Base">
      <UniqueIdentifier>{cfd7ce17-56f4-4a10-befd-036233046a17}</UniqueIdentifier>
    </Filter>
    <Filter Include="Source Files\Host\Base">
      <UniqueIdentifier>{d5269c5e-b42e-4e38-8ec2-34a87bb4c6ee}</UniqueIdentifier>
    </Filter>
    <Filter Include="Header Files\Cuda\Base">
      <UniqueIdentifier>{7936559a-4c71-45e6-80c9-3d51c9ed4e37}</UniqueIdentifier>
    </Filter>
    <Filter Include="Header Files\Host\Light">
      <UniqueIdentifier>{f6041f17-3ca3-4d7c-ab38-010a115cda5b}</UniqueIdentifier>
    </Filter>
    <Filter Include="Source Files\Host\Light">
      <UniqueIdentifier>{679c7372-15d3-4753-8e87-d76bf922006f}</UniqueIdentifier>
    </Filter>
    <Filter Include="Header Files\Cuda\Light">
      <UniqueIdentifier>{77c28c71-43dc-4107-b05e-09c321327923}</UniqueIdentifier>
    </Filter>
    <Filter Include="Source Files\Cuda\Light">
      <UniqueIdentifier>{d5484851-a33e-4a96-aae8-d591c2716816}</UniqueIdentifier>
    </Filter>
    <Filter Include="Header Files\Cuda\Renderable">
      <UniqueIdentifier>{2dd13ac0-d661-4417-a317-300d8d0f6fac}</UniqueIdentifier>
    </Filter>
    <Filter Include="Header Files\Host\Renderable">
      <UniqueIdentifier>{7fd048e2-01eb-4592-9bd0-e78b5ce51f1c}</UniqueIdentifier>
    </Filter>
    <Filter Include="Source Files\Host\Renderable">
      <UniqueIdentifier>{72a53689-2fd4-4969-8c98-3b3946a2e715}</UniqueIdentifier>
    </Filter>
    <Filter Include="Source Files\Cuda\Renderable">
      <UniqueIdentifier>{c37387fb-b71d-4b10-8370-5dfba1f7a792}</UniqueIdentifier>
    </Filter>
    <Filter Include="Header Files\Cuda\Kernel">
      <UniqueIdentifier>{5747c74a-3820-4e36-8873-835fa8522fae}</UniqueIdentifier>
    </Filter>
    <Filter Include="Source Files\Cuda\Kernel">
      <UniqueIdentifier>{68fa2013-4a94-4b3f-9ad1-2b84abc91d85}</UniqueIdentifier>
    </Filter>
    <Filter Include="Header Files\Host\Loader">
      <UniqueIdentifier>{7c88c18e-4724-4300-8628-53da4896d098}</UniqueIdentifier>
    </Filter>
    <Filter Include="Source Files\Host\Loader">
      <UniqueIdentifier>{10943efd-773a-4807-9909-e4de6b7f6a33}</UniqueIdentifier>
    </Filter>
    <Filter Include="Header Files\Cuda\Container">
      <UniqueIdentifier>{569a9eeb-924b-49e9-81c0-dbc175074715}</UniqueIdentifier>
    </Filter>
    <Filter Include="Header Files\Host\Container">
      <UniqueIdentifier>{904cf46c-6431-4a61-b603-5aaec6397c15}</UniqueIdentifier>
    </Filter>
  </ItemGroup>
  <ItemGroup>
    <ClCompile Include="rayzath.cpp">
      <Filter>Source Files</Filter>
    </ClCompile>
    <ClCompile Include="updatable.cpp">
      <Filter>Source Files\Host\Base</Filter>
    </ClCompile>
    <ClCompile Include="world.cpp">
      <Filter>Source Files\Host</Filter>
    </ClCompile>
    <ClCompile Include="world_object.cpp">
      <Filter>Source Files\Host\Base</Filter>
    </ClCompile>
    <ClCompile Include="camera.cpp">
      <Filter>Source Files\Host</Filter>
    </ClCompile>
    <ClCompile Include="engine_parts.cpp">
      <Filter>Source Files\Host</Filter>
    </ClCompile>
    <ClCompile Include="render_parts.cpp">
      <Filter>Source Files\Host</Filter>
    </ClCompile>
    <ClCompile Include="render_object.cpp">
      <Filter>Source Files\Host\Base</Filter>
    </ClCompile>
    <ClCompile Include="sphere.cpp">
      <Filter>Source Files\Host\Renderable</Filter>
    </ClCompile>
    <ClCompile Include="mesh.cpp">
      <Filter>Source Files\Host\Renderable</Filter>
    </ClCompile>
    <ClCompile Include="spot_light.cpp">
      <Filter>Source Files\Host\Light</Filter>
    </ClCompile>
    <ClCompile Include="direct_light.cpp">
      <Filter>Source Files\Host\Light</Filter>
    </ClCompile>
    <ClCompile Include="material.cpp">
      <Filter>Source Files\Host</Filter>
    </ClCompile>
    <ClCompile Include="plane.cpp">
      <Filter>Source Files\Host\Renderable</Filter>
    </ClCompile>
    <ClCompile Include="rzexception.cpp">
      <Filter>Source Files</Filter>
    </ClCompile>
    <ClCompile Include="mesh_structure.cpp">
      <Filter>Source Files\Host</Filter>
    </ClCompile>
    <ClCompile Include="mesh_component.cpp">
      <Filter>Source Files\Host</Filter>
    </ClCompile>
    <ClCompile Include="loader.cpp">
      <Filter>Source Files\Host\Loader</Filter>
    </ClCompile>
    <ClCompile Include="json_loader.cpp">
      <Filter>Source Files\Host\Loader</Filter>
    </ClCompile>
  </ItemGroup>
  <ItemGroup>
    <ClInclude Include="rayzath.h">
      <Filter>Header Files</Filter>
    </ClInclude>
    <ClInclude Include="rzexception.h">
      <Filter>Header Files</Filter>
    </ClInclude>
    <ClInclude Include="world.h">
      <Filter>Header Files\Host</Filter>
    </ClInclude>
    <ClInclude Include="updatable.h">
      <Filter>Header Files\Host\Base</Filter>
    </ClInclude>
    <ClInclude Include="world_object.h">
      <Filter>Header Files\Host\Base</Filter>
    </ClInclude>
    <ClInclude Include="camera.h">
      <Filter>Header Files\Host</Filter>
    </ClInclude>
    <ClInclude Include="cuda_engine.cuh">
      <Filter>Header Files\Cuda</Filter>
    </ClInclude>
    <ClInclude Include="cuda_world.cuh">
      <Filter>Header Files\Cuda</Filter>
    </ClInclude>
    <ClInclude Include="cuda_camera.cuh">
      <Filter>Header Files\Cuda</Filter>
    </ClInclude>
    <ClInclude Include="cuda_render_parts.cuh">
      <Filter>Header Files\Cuda</Filter>
    </ClInclude>
    <ClInclude Include="cuda_engine_parts.cuh">
      <Filter>Header Files\Cuda</Filter>
    </ClInclude>
    <ClInclude Include="render_parts.h">
      <Filter>Header Files\Host</Filter>
    </ClInclude>
    <ClInclude Include="engine_parts.h">
      <Filter>Header Files\Host</Filter>
    </ClInclude>
    <ClInclude Include="sphere.h">
      <Filter>Header Files\Host\Renderable</Filter>
    </ClInclude>
    <ClInclude Include="render_object.h">
      <Filter>Header Files\Host\Base</Filter>
    </ClInclude>
    <ClInclude Include="cuda_render_object.cuh">
      <Filter>Header Files\Cuda\Base</Filter>
    </ClInclude>
    <ClInclude Include="cuda_sphere.cuh">
      <Filter>Header Files\Cuda\Renderable</Filter>
    </ClInclude>
    <ClInclude Include="mesh.h">
      <Filter>Header Files\Host\Renderable</Filter>
    </ClInclude>
    <ClInclude Include="cuda_mesh.cuh">
      <Filter>Header Files\Cuda\Renderable</Filter>
    </ClInclude>
    <ClInclude Include="spot_light.h">
      <Filter>Header Files\Host\Light</Filter>
    </ClInclude>
    <ClInclude Include="cuda_spot_light.cuh">
      <Filter>Header Files\Cuda\Light</Filter>
    </ClInclude>
    <ClInclude Include="direct_light.h">
      <Filter>Header Files\Host\Light</Filter>
    </ClInclude>
    <ClInclude Include="cuda_direct_light.cuh">
      <Filter>Header Files\Cuda\Light</Filter>
    </ClInclude>
    <ClInclude Include="material.h">
      <Filter>Header Files\Host</Filter>
    </ClInclude>
    <ClInclude Include="roho.h">
      <Filter>Header Files\Host</Filter>
    </ClInclude>
    <ClInclude Include="plane.h">
      <Filter>Header Files\Host\Renderable</Filter>
    </ClInclude>
    <ClInclude Include="cuda_plane.cuh">
      <Filter>Header Files\Cuda\Renderable</Filter>
    </ClInclude>
    <ClInclude Include="cuda_material.cuh">
      <Filter>Header Files\Cuda</Filter>
    </ClInclude>
    <ClInclude Include="cuda_buffer.cuh">
      <Filter>Header Files\Cuda</Filter>
    </ClInclude>
    <ClInclude Include="cuda_engine_core.cuh">
      <Filter>Header Files\Cuda</Filter>
    </ClInclude>
    <ClInclude Include="cuda_postprocess_kernel.cuh">
      <Filter>Header Files\Cuda\Kernel</Filter>
    </ClInclude>
    <ClInclude Include="cuda_preprocess_kernel.cuh">
      <Filter>Header Files\Cuda\Kernel</Filter>
    </ClInclude>
    <ClInclude Include="cuda_render_kernel.cuh">
      <Filter>Header Files\Cuda\Kernel</Filter>
    </ClInclude>
    <ClInclude Include="cuda_include.h">
      <Filter>Header Files\Cuda</Filter>
    </ClInclude>
    <ClInclude Include="mesh_structure.h">
      <Filter>Header Files\Host</Filter>
    </ClInclude>
    <ClInclude Include="mesh_component.h">
      <Filter>Header Files\Host</Filter>
    </ClInclude>
    <ClInclude Include="loader.h">
      <Filter>Header Files\Host\Loader</Filter>
    </ClInclude>
    <ClInclude Include="json_loader.h">
      <Filter>Header Files\Host\Loader</Filter>
    </ClInclude>
    <ClInclude Include="cuda_bvh.cuh">
      <Filter>Header Files\Cuda\Container</Filter>
    </ClInclude>
    <ClInclude Include="cuda_object_container.cuh">
      <Filter>Header Files\Cuda\Container</Filter>
    </ClInclude>
    <ClInclude Include="object_container.h">
      <Filter>Header Files\Host\Container</Filter>
    </ClInclude>
    <ClInclude Include="component_container.h">
      <Filter>Header Files\Host\Container</Filter>
    </ClInclude>
    <ClInclude Include="bvh.h">
      <Filter>Header Files\Host\Container</Filter>
    </ClInclude>
    <ClInclude Include="cuda_bvh_tree_node.cuh">
      <Filter>Header Files\Cuda\Container</Filter>
    </ClInclude>
    <ClInclude Include="cuda_engine_renderer.cuh">
      <Filter>Header Files\Cuda</Filter>
    </ClInclude>
  </ItemGroup>
  <ItemGroup>
    <CudaCompile Include="cuda_engine.cu">
      <Filter>Source Files\Cuda</Filter>
    </CudaCompile>
    <CudaCompile Include="cuda_world.cu">
      <Filter>Source Files\Cuda</Filter>
    </CudaCompile>
    <CudaCompile Include="cuda_camera.cu">
      <Filter>Source Files\Cuda</Filter>
    </CudaCompile>
    <CudaCompile Include="cuda_render_parts.cu">
      <Filter>Source Files\Cuda</Filter>
    </CudaCompile>
    <CudaCompile Include="cuda_engine_parts.cu">
      <Filter>Source Files\Cuda</Filter>
    </CudaCompile>
    <CudaCompile Include="cuda_sphere.cu">
      <Filter>Source Files\Cuda\Renderable</Filter>
    </CudaCompile>
    <CudaCompile Include="cuda_mesh.cu">
      <Filter>Source Files\Cuda\Renderable</Filter>
    </CudaCompile>
    <CudaCompile Include="cuda_spot_light.cu">
      <Filter>Source Files\Cuda\Light</Filter>
    </CudaCompile>
    <CudaCompile Include="cuda_direct_light.cu">
      <Filter>Source Files\Cuda\Light</Filter>
    </CudaCompile>
    <CudaCompile Include="cuda_plane.cu">
      <Filter>Source Files\Cuda\Renderable</Filter>
    </CudaCompile>
    <CudaCompile Include="cuda_material.cu">
      <Filter>Source Files\Cuda</Filter>
    </CudaCompile>
    <CudaCompile Include="cuda_engine_core.cu">
      <Filter>Source Files\Cuda</Filter>
    </CudaCompile>
    <CudaCompile Include="cuda_postprocess_kernel.cu">
      <Filter>Source Files\Cuda\Kernel</Filter>
    </CudaCompile>
    <CudaCompile Include="cuda_preprocess_kernel.cu">
      <Filter>Source Files\Cuda\Kernel</Filter>
    </CudaCompile>
    <CudaCompile Include="cuda_render_kernel.cu">
      <Filter>Source Files\Cuda\Kernel</Filter>
    </CudaCompile>
    <CudaCompile Include="cuda_engine_renderer.cu">
      <Filter>Source Files\Cuda</Filter>
    </CudaCompile>
    <CudaCompile Include="cuda_kernel_data.cuh">
      <Filter>Header Files\Cuda\Kernel</Filter>
    </CudaCompile>
    <CudaCompile Include="cuda_kernel_data.cu">
      <Filter>Source Files\Cuda\Kernel</Filter>
    </CudaCompile>
  </ItemGroup>
</Project>