<?xml version="1.0" encoding="utf-8"?>
<Project ToolsVersion="4.0" xmlns="http://schemas.microsoft.com/developer/msbuild/2003">
  <ItemGroup>
    <Filter Include="Source Files">
      <UniqueIdentifier>{9c498e0a-267b-48d0-a72c-2e867d9277bc}</UniqueIdentifier>
    </Filter>
    <Filter Include="Source Files\Host">
      <UniqueIdentifier>{2ce6f23b-692b-4055-9551-89048b1a439a}</UniqueIdentifier>
    </Filter>
    <Filter Include="Source Files\Host\Base">
      <UniqueIdentifier>{cfd7ce17-56f4-4a10-befd-036233046a17}</UniqueIdentifier>
    </Filter>
    <Filter Include="Source Files\Host\Light">
      <UniqueIdentifier>{f6041f17-3ca3-4d7c-ab38-010a115cda5b}</UniqueIdentifier>
    </Filter>
    <Filter Include="Source Files\Host\Renderable">
      <UniqueIdentifier>{7fd048e2-01eb-4592-9bd0-e78b5ce51f1c}</UniqueIdentifier>
    </Filter>
    <Filter Include="Source Files\Host\Loader">
      <UniqueIdentifier>{7c88c18e-4724-4300-8628-53da4896d098}</UniqueIdentifier>
    </Filter>
    <Filter Include="Source Files\Host\Container">
      <UniqueIdentifier>{904cf46c-6431-4a61-b603-5aaec6397c15}</UniqueIdentifier>
    </Filter>
    <Filter Include="Source Files\Host\utils">
      <UniqueIdentifier>{49514a31-e07e-446b-8090-c7fb91c8fe73}</UniqueIdentifier>
    </Filter>
    <Filter Include="Source Files\Host\utils\static">
      <UniqueIdentifier>{7575a4bf-ca8c-446e-9c29-e0b87dd9ff2a}</UniqueIdentifier>
    </Filter>
    <Filter Include="Source Files\Host\Saver">
      <UniqueIdentifier>{b21edd24-ec5f-476f-9ead-5067587e7ee5}</UniqueIdentifier>
    </Filter>
    <Filter Include="Source Files\Cuda">
      <UniqueIdentifier>{aa90a098-effd-43b7-8378-99035c36c5fa}</UniqueIdentifier>
    </Filter>
    <Filter Include="Source Files\Cuda\Light">
      <UniqueIdentifier>{77c28c71-43dc-4107-b05e-09c321327923}</UniqueIdentifier>
    </Filter>
    <Filter Include="Source Files\Cuda\Renderable">
      <UniqueIdentifier>{2dd13ac0-d661-4417-a317-300d8d0f6fac}</UniqueIdentifier>
    </Filter>
    <Filter Include="Source Files\Cuda\Kernel">
      <UniqueIdentifier>{5747c74a-3820-4e36-8873-835fa8522fae}</UniqueIdentifier>
    </Filter>
    <Filter Include="Source Files\Cuda\Container">
      <UniqueIdentifier>{569a9eeb-924b-49e9-81c0-dbc175074715}</UniqueIdentifier>
    </Filter>
    <Filter Include="Source Files\Cuda\Engine">
      <UniqueIdentifier>{50c85151-edf8-496f-831a-5a21a0bb6bca}</UniqueIdentifier>
    </Filter>
    <Filter Include="Source Files\CPU">
      <UniqueIdentifier>{6d177ab3-bdd7-494d-8f56-b5512d69ee96}</UniqueIdentifier>
    </Filter>
    <Filter Include="Source Files\CPU\Engine">
      <UniqueIdentifier>{56cd6d67-e1de-467c-9ec7-54ebc3edd477}</UniqueIdentifier>
    </Filter>
  </ItemGroup>
  <ItemGroup>
    <ClCompile Include="cuda_exception.cpp">
      <Filter>Source Files\Cuda</Filter>
    </ClCompile>
    <ClCompile Include="groupable.cpp">
      <Filter>Source Files\Host\Base</Filter>
    </ClCompile>
    <ClCompile Include="updatable.cpp">
      <Filter>Source Files\Host\Base</Filter>
    </ClCompile>
    <ClCompile Include="world_object.cpp">
      <Filter>Source Files\Host\Base</Filter>
    </ClCompile>
    <ClCompile Include="group.cpp">
      <Filter>Source Files\Host\Container</Filter>
    </ClCompile>
    <ClCompile Include="direct_light.cpp">
      <Filter>Source Files\Host\Light</Filter>
    </ClCompile>
    <ClCompile Include="spot_light.cpp">
      <Filter>Source Files\Host\Light</Filter>
    </ClCompile>
    <ClCompile Include="json_loader.cpp">
      <Filter>Source Files\Host\Loader</Filter>
    </ClCompile>
    <ClCompile Include="loader.cpp">
      <Filter>Source Files\Host\Loader</Filter>
    </ClCompile>
    <ClCompile Include="instance.cpp">
      <Filter>Source Files\Host\Renderable</Filter>
    </ClCompile>
    <ClCompile Include="json_saver.cpp">
      <Filter>Source Files\Host\Saver</Filter>
    </ClCompile>
    <ClCompile Include="saver.cpp">
      <Filter>Source Files\Host\Saver</Filter>
    </ClCompile>
    <ClCompile Include="camera.cpp">
      <Filter>Source Files\Host</Filter>
    </ClCompile>
    <ClCompile Include="engine_parts.cpp">
      <Filter>Source Files\Host</Filter>
    </ClCompile>
    <ClCompile Include="material.cpp">
      <Filter>Source Files\Host</Filter>
    </ClCompile>
    <ClCompile Include="mesh_component.cpp">
      <Filter>Source Files\Host</Filter>
    </ClCompile>
    <ClCompile Include="render_parts.cpp">
      <Filter>Source Files\Host</Filter>
    </ClCompile>
    <ClCompile Include="world.cpp">
      <Filter>Source Files\Host</Filter>
    </ClCompile>
    <ClCompile Include="rzexception.cpp">
      <Filter>Source Files</Filter>
    </ClCompile>
    <ClCompile Include="rayzath.cpp">
      <Filter>Source Files</Filter>
    </ClCompile>
    <ClCompile Include="cpu_engine.cpp">
      <Filter>Source Files\CPU\Engine</Filter>
    </ClCompile>
    <ClCompile Include="cpu_engine_core.cpp">
      <Filter>Source Files\CPU\Engine</Filter>
    </ClCompile>
    <ClCompile Include="cpu_engine_renderer.cpp">
      <Filter>Source Files\CPU\Engine</Filter>
    </ClCompile>
    <ClCompile Include="cpu_engine_kernel.cpp">
      <Filter>Source Files\CPU\Engine</Filter>
    </ClCompile>
    <ClCompile Include="mesh.cpp">
      <Filter>Source Files\Host\Renderable</Filter>
    </ClCompile>
    <ClCompile Include="cpu_render_utils.cpp">
      <Filter>Source Files\CPU\Engine</Filter>
    </ClCompile>
    <ClCompile Include="args.cpp">
      <Filter>Source Files\Host\utils</Filter>
    </ClCompile>
  </ItemGroup>
  <ItemGroup>
    <ClInclude Include="rayzath.hpp">
      <Filter>Source Files</Filter>
    </ClInclude>
    <ClInclude Include="rzexception.hpp">
      <Filter>Source Files</Filter>
    </ClInclude>
    <ClInclude Include="world.hpp">
      <Filter>Source Files\Host</Filter>
    </ClInclude>
    <ClInclude Include="updatable.hpp">
      <Filter>Source Files\Host\Base</Filter>
    </ClInclude>
    <ClInclude Include="world_object.hpp">
      <Filter>Source Files\Host\Base</Filter>
    </ClInclude>
    <ClInclude Include="camera.hpp">
      <Filter>Source Files\Host</Filter>
    </ClInclude>
    <ClInclude Include="render_parts.hpp">
      <Filter>Source Files\Host</Filter>
    </ClInclude>
    <ClInclude Include="engine_parts.hpp">
      <Filter>Source Files\Host</Filter>
    </ClInclude>
    <ClInclude Include="instance.hpp">
      <Filter>Source Files\Host\Renderable</Filter>
    </ClInclude>
    <ClInclude Include="spot_light.hpp">
      <Filter>Source Files\Host\Light</Filter>
    </ClInclude>
    <ClInclude Include="direct_light.hpp">
      <Filter>Source Files\Host\Light</Filter>
    </ClInclude>
    <ClInclude Include="material.hpp">
      <Filter>Source Files\Host</Filter>
    </ClInclude>
    <ClInclude Include="roho.hpp">
      <Filter>Source Files\Host</Filter>
    </ClInclude>
    <ClInclude Include="mesh_component.hpp">
      <Filter>Source Files\Host</Filter>
    </ClInclude>
    <ClInclude Include="loader.hpp">
      <Filter>Source Files\Host\Loader</Filter>
    </ClInclude>
    <ClInclude Include="json_loader.hpp">
      <Filter>Source Files\Host\Loader</Filter>
    </ClInclude>
    <ClInclude Include="object_container.hpp">
      <Filter>Source Files\Host\Container</Filter>
    </ClInclude>
    <ClInclude Include="component_container.hpp">
      <Filter>Source Files\Host\Container</Filter>
    </ClInclude>
    <ClInclude Include="bvh.hpp">
      <Filter>Source Files\Host\Container</Filter>
    </ClInclude>
    <ClInclude Include="group.hpp">
      <Filter>Source Files\Host\Container</Filter>
    </ClInclude>
    <ClInclude Include="groupable.hpp">
      <Filter>Source Files\Host\Base</Filter>
    </ClInclude>
    <ClInclude Include="index_of.hpp">
      <Filter>Source Files\Host\utils\static</Filter>
    </ClInclude>
    <ClInclude Include="saver.hpp">
      <Filter>Source Files\Host\Saver</Filter>
    </ClInclude>
    <ClInclude Include="json_saver.hpp">
      <Filter>Source Files\Host\Saver</Filter>
    </ClInclude>
    <ClInclude Include="dictionary.hpp">
      <Filter>Source Files\Host\utils\static</Filter>
    </ClInclude>
    <ClInclude Include="cuda_exception.hpp">
      <Filter>Source Files\Cuda</Filter>
    </ClInclude>
    <ClInclude Include="text_utils.h">
      <Filter>Source Files\Host\utils</Filter>
    </ClInclude>
    <ClInclude Include="cpu_engine.hpp">
      <Filter>Source Files\CPU\Engine</Filter>
    </ClInclude>
    <ClInclude Include="cpu_engine_core.hpp">
      <Filter>Source Files\CPU\Engine</Filter>
    </ClInclude>
    <ClInclude Include="cpu_engine_renderer.hpp">
      <Filter>Source Files\CPU\Engine</Filter>
    </ClInclude>
    <ClInclude Include="cpu_render_utils.hpp">
      <Filter>Source Files\CPU\Engine</Filter>
    </ClInclude>
    <ClInclude Include="cpu_engine_kernel.hpp">
      <Filter>Source Files\CPU\Engine</Filter>
    </ClInclude>
    <ClInclude Include="bvh_tree_node.hpp">
      <Filter>Source Files\Host\Container</Filter>
    </ClInclude>
    <ClInclude Include="mesh.hpp">
      <Filter>Source Files\Host\Renderable</Filter>
    </ClInclude>
    <ClInclude Include="typedefs.hpp">
      <Filter>Source Files</Filter>
    </ClInclude>
    <ClInclude Include="args.hpp">
      <Filter>Source Files\Host\utils</Filter>
    </ClInclude>
    <ClInclude Include="cuda_buffer.cuh" />
    <ClInclude Include="cuda_bvh.cuh" />
    <ClInclude Include="cuda_bvh_tree_node.cuh" />
    <ClInclude Include="cuda_camera.cuh" />
    <ClInclude Include="cuda_direct_light.cuh" />
    <ClInclude Include="cuda_engine.cuh" />
    <ClInclude Include="cuda_engine_core.cuh" />
    <ClInclude Include="cuda_engine_renderer.cuh" />
    <ClInclude Include="cuda_kernel_data.cuh" />
    <ClInclude Include="cuda_postprocess_kernel.cuh" />
    <ClInclude Include="cuda_preprocess_kernel.cuh" />
    <ClInclude Include="cuda_render_kernel.cuh" />
    <ClInclude Include="cuda_engine_parts.cuh" />
    <ClInclude Include="cuda_material.cuh" />
    <ClInclude Include="cuda_instance.cuh" />
    <ClInclude Include="cuda_object_container.cuh" />
    <ClInclude Include="cuda_render_parts.cuh" />
    <ClInclude Include="cuda_spot_light.cuh" />
    <ClInclude Include="cuda_world.cuh" />
    <ClInclude Include="texture_buffer.hpp">
      <Filter>Source Files\Host</Filter>
    </ClInclude>
    <ClInclude Include="shared_resource.hpp">
      <Filter>Source Files\Host</Filter>
    </ClInclude>
  </ItemGroup>
  <ItemGroup>
    <CudaCompile Include="cuda_include.hpp">
      <Filter>Source Files\Cuda</Filter>
    </CudaCompile>
    <CudaCompile Include="cuda_engine.cu">
      <Filter>Source Files\Cuda\Engine</Filter>
    </CudaCompile>
    <CudaCompile Include="cuda_engine_core.cu">
      <Filter>Source Files\Cuda\Engine</Filter>
    </CudaCompile>
    <CudaCompile Include="cuda_engine_parts.cu">
      <Filter>Source Files\Cuda\Engine</Filter>
    </CudaCompile>
    <CudaCompile Include="cuda_engine_renderer.cu">
      <Filter>Source Files\Cuda\Engine</Filter>
    </CudaCompile>
    <CudaCompile Include="cuda_kernel_data.cu">
      <Filter>Source Files\Cuda\Kernel</Filter>
    </CudaCompile>
    <CudaCompile Include="cuda_postprocess_kernel.cu">
      <Filter>Source Files\Cuda\Kernel</Filter>
    </CudaCompile>
    <CudaCompile Include="cuda_preprocess_kernel.cu">
      <Filter>Source Files\Cuda\Kernel</Filter>
    </CudaCompile>
    <CudaCompile Include="cuda_render_kernel.cu">
      <Filter>Source Files\Cuda\Kernel</Filter>
    </CudaCompile>
    <CudaCompile Include="cuda_direct_light.cu">
      <Filter>Source Files\Cuda\Light</Filter>
    </CudaCompile>
    <CudaCompile Include="cuda_spot_light.cu">
      <Filter>Source Files\Cuda\Light</Filter>
    </CudaCompile>
    <CudaCompile Include="cuda_instance.cu">
      <Filter>Source Files\Cuda\Renderable</Filter>
    </CudaCompile>
    <CudaCompile Include="cuda_camera.cu">
      <Filter>Source Files\Cuda</Filter>
    </CudaCompile>
    <CudaCompile Include="cuda_material.cu">
      <Filter>Source Files\Cuda</Filter>
    </CudaCompile>
    <CudaCompile Include="cuda_render_parts.cu">
      <Filter>Source Files\Cuda</Filter>
    </CudaCompile>
    <CudaCompile Include="cuda_world.cu">
      <Filter>Source Files\Cuda</Filter>
    </CudaCompile>
  </ItemGroup>
</Project>