<?xml version="1.0" encoding="utf-8"?>
<Project ToolsVersion="4.0" xmlns="http://schemas.microsoft.com/developer/msbuild/2003">
  <ItemGroup>
    <Filter Include="Source Files">
      <UniqueIdentifier>{4FC737F1-C7A5-4376-A066-2A32D752A2FF}</UniqueIdentifier>
      <Extensions>cpp;c;cc;cxx;c++;cppm;ixx;def;odl;idl;hpj;bat;asm;asmx</Extensions>
    </Filter>
    <Filter Include="Header Files">
      <UniqueIdentifier>{93995380-89BD-4b04-88EB-625FBE52EBFB}</UniqueIdentifier>
      <Extensions>h;hh;hpp;hxx;h++;hm;inl;inc;ipp;xsd</Extensions>
    </Filter>
    <Filter Include="Resource Files">
      <UniqueIdentifier>{67DA6AB6-F800-4c08-8B7A-83BB121AAD01}</UniqueIdentifier>
      <Extensions>rc;ico;cur;bmp;dlg;rc2;rct;bin;rgs;gif;jpg;jpeg;jpe;resx;tiff;tif;png;wav;mfcribbon-ms</Extensions>
    </Filter>
    <Filter Include="Source Files\UI">
      <UniqueIdentifier>{5b1f82f7-3d85-4ab8-bcb1-178fbb7d1adf}</UniqueIdentifier>
    </Filter>
    <Filter Include="Header Files\UI">
      <UniqueIdentifier>{e79291d1-7039-4c8b-b77e-39eb55468bd4}</UniqueIdentifier>
    </Filter>
    <Filter Include="Header Files\Scene">
      <UniqueIdentifier>{0b44d37d-e4db-4791-8b62-1ba8da644f14}</UniqueIdentifier>
    </Filter>
    <Filter Include="Source Files\Scene">
      <UniqueIdentifier>{b7ad693d-8867-40df-9829-7101ac70365c}</UniqueIdentifier>
    </Filter>
  </ItemGroup>
  <ItemGroup>
    <ClCompile Include="main.cpp">
      <Filter>Source Files</Filter>
    </ClCompile>
    <ClCompile Include="application.cpp">
      <Filter>Source Files</Filter>
    </ClCompile>
    <ClCompile Include="interface.cpp">
      <Filter>Source Files\UI</Filter>
    </ClCompile>
    <ClCompile Include="render_window.cpp">
      <Filter>Source Files\UI</Filter>
    </ClCompile>
    <ClCompile Include="control_panel.cpp">
      <Filter>Source Files\UI</Filter>
    </ClCompile>
    <ClCompile Include="scene.cpp">
      <Filter>Source Files\Scene</Filter>
    </ClCompile>
    <ClCompile Include="properties_editors.cpp">
      <Filter>Source Files\UI</Filter>
    </ClCompile>
  </ItemGroup>
  <ItemGroup>
    <ClInclude Include="application.h">
      <Filter>Header Files</Filter>
    </ClInclude>
    <ClInclude Include="interface.h">
      <Filter>Header Files\UI</Filter>
    </ClInclude>
    <ClInclude Include="render_window.h">
      <Filter>Header Files\UI</Filter>
    </ClInclude>
    <ClInclude Include="control_panel.h">
      <Filter>Header Files\UI</Filter>
    </ClInclude>
    <ClInclude Include="scene.h">
      <Filter>Header Files\Scene</Filter>
    </ClInclude>
    <ClInclude Include="properties_editors.h">
      <Filter>Header Files\UI</Filter>
    </ClInclude>
    <ClInclude Include="CImg.h">
      <Filter>Resource Files</Filter>
    </ClInclude>
  </ItemGroup>
</Project>