<?xml version="1.0" encoding="utf-8"?>
<Project ToolsVersion="4.0" xmlns="http://schemas.microsoft.com/developer/msbuild/2003">
  <ItemGroup>
    <Filter Include="Source Files">
      <UniqueIdentifier>{4FC737F1-C7A5-4376-A066-2A32D752A2FF}</UniqueIdentifier>
      <Extensions>cpp;c;cc;cxx;c++;cppm;ixx;def;odl;idl;hpj;bat;asm;asmx</Extensions>
    </Filter>
    <Filter Include="Source Files\windows">
      <UniqueIdentifier>{f6bb40d0-f164-423e-8d07-f43abeeada3e}</UniqueIdentifier>
    </Filter>
    <Filter Include="Source Files\rendering">
      <UniqueIdentifier>{10b1b397-f67c-4b00-84c1-fbc5f2e8025b}</UniqueIdentifier>
    </Filter>
    <Filter Include="Source Files\rendering\vulkan">
      <UniqueIdentifier>{0d5f85ec-dcd6-4e5f-b55f-b3f2025d55be}</UniqueIdentifier>
    </Filter>
  </ItemGroup>
  <ItemGroup>
    <ClCompile Include="main.cxx">
      <Filter>Source Files</Filter>
    </ClCompile>
    <ClCompile Include="application.ixx">
      <Filter>Source Files</Filter>
    </ClCompile>
    <ClCompile Include="application.cxx">
      <Filter>Source Files</Filter>
    </ClCompile>
    <ClCompile Include="viewport.ixx">
      <Filter>Source Files\windows</Filter>
    </ClCompile>
    <ClCompile Include="viewport.cxx">
      <Filter>Source Files\windows</Filter>
    </ClCompile>
    <ClCompile Include="rendering.cxx">
      <Filter>Source Files\rendering</Filter>
    </ClCompile>
    <ClCompile Include="rendering.ixx">
      <Filter>Source Files\rendering</Filter>
    </ClCompile>
    <ClCompile Include="glfw.cxx">
      <Filter>Source Files\rendering</Filter>
    </ClCompile>
    <ClCompile Include="vulkan.cxx">
      <Filter>Source Files\rendering\vulkan</Filter>
    </ClCompile>
    <ClCompile Include="window.ixx">
      <Filter>Source Files\rendering\vulkan</Filter>
    </ClCompile>
    <ClCompile Include="window.cxx">
      <Filter>Source Files\rendering\vulkan</Filter>
    </ClCompile>
    <ClCompile Include="instance.ixx">
      <Filter>Source Files\rendering\vulkan</Filter>
    </ClCompile>
    <ClCompile Include="instance.cxx">
      <Filter>Source Files\rendering\vulkan</Filter>
    </ClCompile>
    <ClCompile Include="glfw.ixx">
      <Filter>Source Files\rendering</Filter>
    </ClCompile>
    <ClCompile Include="vulkan.ixx">
      <Filter>Source Files\rendering\vulkan</Filter>
    </ClCompile>
    <ClCompile Include="image.ixx">
      <Filter>Source Files\rendering\vulkan</Filter>
    </ClCompile>
    <ClCompile Include="image.cxx">
      <Filter>Source Files\rendering\vulkan</Filter>
    </ClCompile>
    <ClCompile Include="scene.ixx">
      <Filter>Source Files</Filter>
    </ClCompile>
    <ClCompile Include="scene.cxx">
      <Filter>Source Files</Filter>
    </ClCompile>
    <ClCompile Include="explorer.ixx">
      <Filter>Source Files\windows</Filter>
    </ClCompile>
    <ClCompile Include="explorer.cxx">
      <Filter>Source Files\windows</Filter>
    </ClCompile>
  </ItemGroup>
</Project>